// !$*UTF8*$!
{
	archiveVersion = 1;
	classes = {
	};
	objectVersion = 50;
	objects = {

/* Begin PBXBuildFile section */
		6218F0C224ABEA11007D4299 /* ItemRow.swift in Sources */ = {isa = PBXBuildFile; fileRef = 6218F0C124ABEA11007D4299 /* ItemRow.swift */; };
		6218F0C624AC115E007D4299 /* Semesters.swift in Sources */ = {isa = PBXBuildFile; fileRef = 6218F0C524AC115E007D4299 /* Semesters.swift */; };
		6218F0C824AC1418007D4299 /* SummaryViewData.swift in Sources */ = {isa = PBXBuildFile; fileRef = 6218F0C724AC1418007D4299 /* SummaryViewData.swift */; };
		628DC5DD24AABBC40018BA50 /* AppDelegate.swift in Sources */ = {isa = PBXBuildFile; fileRef = 628DC5DC24AABBC40018BA50 /* AppDelegate.swift */; };
		628DC5DF24AABBC40018BA50 /* SceneDelegate.swift in Sources */ = {isa = PBXBuildFile; fileRef = 628DC5DE24AABBC40018BA50 /* SceneDelegate.swift */; };
		628DC5E124AABBC40018BA50 /* ContentView.swift in Sources */ = {isa = PBXBuildFile; fileRef = 628DC5E024AABBC40018BA50 /* ContentView.swift */; };
		628DC5E324AABBC50018BA50 /* Assets.xcassets in Resources */ = {isa = PBXBuildFile; fileRef = 628DC5E224AABBC50018BA50 /* Assets.xcassets */; };
		628DC5E624AABBC50018BA50 /* Preview Assets.xcassets in Resources */ = {isa = PBXBuildFile; fileRef = 628DC5E524AABBC50018BA50 /* Preview Assets.xcassets */; };
		628DC5E924AABBC50018BA50 /* LaunchScreen.storyboard in Resources */ = {isa = PBXBuildFile; fileRef = 628DC5E724AABBC50018BA50 /* LaunchScreen.storyboard */; };
		628DC5F124AACD820018BA50 /* AddClassView.swift in Sources */ = {isa = PBXBuildFile; fileRef = 628DC5F024AACD820018BA50 /* AddClassView.swift */; };
/* End PBXBuildFile section */

/* Begin PBXFileReference section */
		6218F0C124ABEA11007D4299 /* ItemRow.swift */ = {isa = PBXFileReference; lastKnownFileType = sourcecode.swift; path = ItemRow.swift; sourceTree = "<group>"; };
		6218F0C524AC115E007D4299 /* Semesters.swift */ = {isa = PBXFileReference; lastKnownFileType = sourcecode.swift; path = Semesters.swift; sourceTree = SOURCE_ROOT; };
		6218F0C724AC1418007D4299 /* SummaryViewData.swift */ = {isa = PBXFileReference; lastKnownFileType = sourcecode.swift; path = SummaryViewData.swift; sourceTree = "<group>"; };
		628DC5D924AABBC40018BA50 /* Courses.app */ = {isa = PBXFileReference; explicitFileType = wrapper.application; includeInIndex = 0; path = Courses.app; sourceTree = BUILT_PRODUCTS_DIR; };
		628DC5DC24AABBC40018BA50 /* AppDelegate.swift */ = {isa = PBXFileReference; lastKnownFileType = sourcecode.swift; path = AppDelegate.swift; sourceTree = "<group>"; };
		628DC5DE24AABBC40018BA50 /* SceneDelegate.swift */ = {isa = PBXFileReference; lastKnownFileType = sourcecode.swift; path = SceneDelegate.swift; sourceTree = "<group>"; };
		628DC5E024AABBC40018BA50 /* ContentView.swift */ = {isa = PBXFileReference; lastKnownFileType = sourcecode.swift; path = ContentView.swift; sourceTree = "<group>"; };
		628DC5E224AABBC50018BA50 /* Assets.xcassets */ = {isa = PBXFileReference; lastKnownFileType = folder.assetcatalog; path = Assets.xcassets; sourceTree = "<group>"; };
		628DC5E524AABBC50018BA50 /* Preview Assets.xcassets */ = {isa = PBXFileReference; lastKnownFileType = folder.assetcatalog; path = "Preview Assets.xcassets"; sourceTree = "<group>"; };
		628DC5E824AABBC50018BA50 /* Base */ = {isa = PBXFileReference; lastKnownFileType = file.storyboard; name = Base; path = Base.lproj/LaunchScreen.storyboard; sourceTree = "<group>"; };
		628DC5EA24AABBC50018BA50 /* Info.plist */ = {isa = PBXFileReference; lastKnownFileType = text.plist.xml; path = Info.plist; sourceTree = "<group>"; };
		628DC5F024AACD820018BA50 /* AddClassView.swift */ = {isa = PBXFileReference; lastKnownFileType = sourcecode.swift; path = AddClassView.swift; sourceTree = "<group>"; };
/* End PBXFileReference section */

/* Begin PBXFrameworksBuildPhase section */
		628DC5D624AABBC40018BA50 /* Frameworks */ = {
			isa = PBXFrameworksBuildPhase;
			buildActionMask = 2147483647;
			files = (
			);
			runOnlyForDeploymentPostprocessing = 0;
		};
/* End PBXFrameworksBuildPhase section */

/* Begin PBXGroup section */
		628DC5D024AABBC40018BA50 = {
			isa = PBXGroup;
			children = (
				628DC5DB24AABBC40018BA50 /* Courses */,
				628DC5DA24AABBC40018BA50 /* Products */,
			);
			sourceTree = "<group>";
		};
		628DC5DA24AABBC40018BA50 /* Products */ = {
			isa = PBXGroup;
			children = (
				628DC5D924AABBC40018BA50 /* Courses.app */,
			);
			name = Products;
			sourceTree = "<group>";
		};
		628DC5DB24AABBC40018BA50 /* Courses */ = {
			isa = PBXGroup;
			children = (
				6218F0C524AC115E007D4299 /* Semesters.swift */,
				6218F0C724AC1418007D4299 /* SummaryViewData.swift */,
				628DC5DC24AABBC40018BA50 /* AppDelegate.swift */,
				628DC5DE24AABBC40018BA50 /* SceneDelegate.swift */,
				628DC5E024AABBC40018BA50 /* ContentView.swift */,
				6218F0C124ABEA11007D4299 /* ItemRow.swift */,
				628DC5F024AACD820018BA50 /* AddClassView.swift */,
				628DC5E224AABBC50018BA50 /* Assets.xcassets */,
				628DC5E724AABBC50018BA50 /* LaunchScreen.storyboard */,
				628DC5EA24AABBC50018BA50 /* Info.plist */,
				628DC5E424AABBC50018BA50 /* Preview Content */,
			);
			path = Courses;
			sourceTree = "<group>";
		};
		628DC5E424AABBC50018BA50 /* Preview Content */ = {
			isa = PBXGroup;
			children = (
				628DC5E524AABBC50018BA50 /* Preview Assets.xcassets */,
			);
			path = "Preview Content";
			sourceTree = "<group>";
		};
/* End PBXGroup section */

/* Begin PBXNativeTarget section */
		628DC5D824AABBC40018BA50 /* Courses */ = {
			isa = PBXNativeTarget;
			buildConfigurationList = 628DC5ED24AABBC50018BA50 /* Build configuration list for PBXNativeTarget "Courses" */;
			buildPhases = (
				628DC5D524AABBC40018BA50 /* Sources */,
				628DC5D624AABBC40018BA50 /* Frameworks */,
				628DC5D724AABBC40018BA50 /* Resources */,
			);
			buildRules = (
			);
			dependencies = (
			);
			name = Courses;
			productName = Courses;
			productReference = 628DC5D924AABBC40018BA50 /* Courses.app */;
			productType = "com.apple.product-type.application";
		};
/* End PBXNativeTarget section */

/* Begin PBXProject section */
		628DC5D124AABBC40018BA50 /* Project object */ = {
			isa = PBXProject;
			attributes = {
				LastSwiftUpdateCheck = 1150;
				LastUpgradeCheck = 1200;
				ORGANIZATIONNAME = "Ian Larson";
				TargetAttributes = {
					628DC5D824AABBC40018BA50 = {
						CreatedOnToolsVersion = 11.5;
					};
				};
			};
			buildConfigurationList = 628DC5D424AABBC40018BA50 /* Build configuration list for PBXProject "Courses" */;
			compatibilityVersion = "Xcode 9.3";
			developmentRegion = en;
			hasScannedForEncodings = 0;
			knownRegions = (
				en,
				Base,
			);
			mainGroup = 628DC5D024AABBC40018BA50;
			productRefGroup = 628DC5DA24AABBC40018BA50 /* Products */;
			projectDirPath = "";
			projectRoot = "";
			targets = (
				628DC5D824AABBC40018BA50 /* Courses */,
			);
		};
/* End PBXProject section */

/* Begin PBXResourcesBuildPhase section */
		628DC5D724AABBC40018BA50 /* Resources */ = {
			isa = PBXResourcesBuildPhase;
			buildActionMask = 2147483647;
			files = (
				628DC5E924AABBC50018BA50 /* LaunchScreen.storyboard in Resources */,
				628DC5E624AABBC50018BA50 /* Preview Assets.xcassets in Resources */,
				628DC5E324AABBC50018BA50 /* Assets.xcassets in Resources */,
			);
			runOnlyForDeploymentPostprocessing = 0;
		};
/* End PBXResourcesBuildPhase section */

/* Begin PBXSourcesBuildPhase section */
		628DC5D524AABBC40018BA50 /* Sources */ = {
			isa = PBXSourcesBuildPhase;
			buildActionMask = 2147483647;
			files = (
				628DC5DD24AABBC40018BA50 /* AppDelegate.swift in Sources */,
				6218F0C824AC1418007D4299 /* SummaryViewData.swift in Sources */,
				628DC5DF24AABBC40018BA50 /* SceneDelegate.swift in Sources */,
				6218F0C224ABEA11007D4299 /* ItemRow.swift in Sources */,
				6218F0C624AC115E007D4299 /* Semesters.swift in Sources */,
				628DC5E124AABBC40018BA50 /* ContentView.swift in Sources */,
				628DC5F124AACD820018BA50 /* AddClassView.swift in Sources */,
			);
			runOnlyForDeploymentPostprocessing = 0;
		};
/* End PBXSourcesBuildPhase section */

/* Begin PBXVariantGroup section */
		628DC5E724AABBC50018BA50 /* LaunchScreen.storyboard */ = {
			isa = PBXVariantGroup;
			children = (
				628DC5E824AABBC50018BA50 /* Base */,
			);
			name = LaunchScreen.storyboard;
			sourceTree = "<group>";
		};
/* End PBXVariantGroup section */

/* Begin XCBuildConfiguration section */
		628DC5EB24AABBC50018BA50 /* Debug */ = {
			isa = XCBuildConfiguration;
			buildSettings = {
				ALWAYS_SEARCH_USER_PATHS = NO;
				CLANG_ANALYZER_NONNULL = YES;
				CLANG_ANALYZER_NUMBER_OBJECT_CONVERSION = YES_AGGRESSIVE;
				CLANG_CXX_LANGUAGE_STANDARD = "gnu++14";
				CLANG_CXX_LIBRARY = "libc++";
				CLANG_ENABLE_MODULES = YES;
				CLANG_ENABLE_OBJC_ARC = YES;
				CLANG_ENABLE_OBJC_WEAK = YES;
				CLANG_WARN_BLOCK_CAPTURE_AUTORELEASING = YES;
				CLANG_WARN_BOOL_CONVERSION = YES;
				CLANG_WARN_COMMA = YES;
				CLANG_WARN_CONSTANT_CONVERSION = YES;
				CLANG_WARN_DEPRECATED_OBJC_IMPLEMENTATIONS = YES;
				CLANG_WARN_DIRECT_OBJC_ISA_USAGE = YES_ERROR;
				CLANG_WARN_DOCUMENTATION_COMMENTS = YES;
				CLANG_WARN_EMPTY_BODY = YES;
				CLANG_WARN_ENUM_CONVERSION = YES;
				CLANG_WARN_INFINITE_RECURSION = YES;
				CLANG_WARN_INT_CONVERSION = YES;
				CLANG_WARN_NON_LITERAL_NULL_CONVERSION = YES;
				CLANG_WARN_OBJC_IMPLICIT_RETAIN_SELF = YES;
				CLANG_WARN_OBJC_LITERAL_CONVERSION = YES;
				CLANG_WARN_OBJC_ROOT_CLASS = YES_ERROR;
				CLANG_WARN_QUOTED_INCLUDE_IN_FRAMEWORK_HEADER = YES;
				CLANG_WARN_RANGE_LOOP_ANALYSIS = YES;
				CLANG_WARN_STRICT_PROTOTYPES = YES;
				CLANG_WARN_SUSPICIOUS_MOVE = YES;
				CLANG_WARN_UNGUARDED_AVAILABILITY = YES_AGGRESSIVE;
				CLANG_WARN_UNREACHABLE_CODE = YES;
				CLANG_WARN__DUPLICATE_METHOD_MATCH = YES;
				COPY_PHASE_STRIP = NO;
				DEBUG_INFORMATION_FORMAT = dwarf;
				ENABLE_STRICT_OBJC_MSGSEND = YES;
				ENABLE_TESTABILITY = YES;
				GCC_C_LANGUAGE_STANDARD = gnu11;
				GCC_DYNAMIC_NO_PIC = NO;
				GCC_NO_COMMON_BLOCKS = YES;
				GCC_OPTIMIZATION_LEVEL = 0;
				GCC_PREPROCESSOR_DEFINITIONS = (
					"DEBUG=1",
					"$(inherited)",
				);
				GCC_WARN_64_TO_32_BIT_CONVERSION = YES;
				GCC_WARN_ABOUT_RETURN_TYPE = YES_ERROR;
				GCC_WARN_UNDECLARED_SELECTOR = YES;
				GCC_WARN_UNINITIALIZED_AUTOS = YES_AGGRESSIVE;
				GCC_WARN_UNUSED_FUNCTION = YES;
				GCC_WARN_UNUSED_VARIABLE = YES;
				IPHONEOS_DEPLOYMENT_TARGET = 13.5;
				MTL_ENABLE_DEBUG_INFO = INCLUDE_SOURCE;
				MTL_FAST_MATH = YES;
				ONLY_ACTIVE_ARCH = YES;
				SDKROOT = iphoneos;
				SWIFT_ACTIVE_COMPILATION_CONDITIONS = DEBUG;
				SWIFT_OPTIMIZATION_LEVEL = "-Onone";
			};
			name = Debug;
		};
		628DC5EC24AABBC50018BA50 /* Release */ = {
			isa = XCBuildConfiguration;
			buildSettings = {
				ALWAYS_SEARCH_USER_PATHS = NO;
				CLANG_ANALYZER_NONNULL = YES;
				CLANG_ANALYZER_NUMBER_OBJECT_CONVERSION = YES_AGGRESSIVE;
				CLANG_CXX_LANGUAGE_STANDARD = "gnu++14";
				CLANG_CXX_LIBRARY = "libc++";
				CLANG_ENABLE_MODULES = YES;
				CLANG_ENABLE_OBJC_ARC = YES;
				CLANG_ENABLE_OBJC_WEAK = YES;
				CLANG_WARN_BLOCK_CAPTURE_AUTORELEASING = YES;
				CLANG_WARN_BOOL_CONVERSION = YES;
				CLANG_WARN_COMMA = YES;
				CLANG_WARN_CONSTANT_CONVERSION = YES;
				CLANG_WARN_DEPRECATED_OBJC_IMPLEMENTATIONS = YES;
				CLANG_WARN_DIRECT_OBJC_ISA_USAGE = YES_ERROR;
				CLANG_WARN_DOCUMENTATION_COMMENTS = YES;
				CLANG_WARN_EMPTY_BODY = YES;
				CLANG_WARN_ENUM_CONVERSION = YES;
				CLANG_WARN_INFINITE_RECURSION = YES;
				CLANG_WARN_INT_CONVERSION = YES;
				CLANG_WARN_NON_LITERAL_NULL_CONVERSION = YES;
				CLANG_WARN_OBJC_IMPLICIT_RETAIN_SELF = YES;
				CLANG_WARN_OBJC_LITERAL_CONVERSION = YES;
				CLANG_WARN_OBJC_ROOT_CLASS = YES_ERROR;
				CLANG_WARN_QUOTED_INCLUDE_IN_FRAMEWORK_HEADER = YES;
				CLANG_WARN_RANGE_LOOP_ANALYSIS = YES;
				CLANG_WARN_STRICT_PROTOTYPES = YES;
				CLANG_WARN_SUSPICIOUS_MOVE = YES;
				CLANG_WARN_UNGUARDED_AVAILABILITY = YES_AGGRESSIVE;
				CLANG_WARN_UNREACHABLE_CODE = YES;
				CLANG_WARN__DUPLICATE_METHOD_MATCH = YES;
				COPY_PHASE_STRIP = NO;
				DEBUG_INFORMATION_FORMAT = "dwarf-with-dsym";
				ENABLE_NS_ASSERTIONS = NO;
				ENABLE_STRICT_OBJC_MSGSEND = YES;
				GCC_C_LANGUAGE_STANDARD = gnu11;
				GCC_NO_COMMON_BLOCKS = YES;
				GCC_WARN_64_TO_32_BIT_CONVERSION = YES;
				GCC_WARN_ABOUT_RETURN_TYPE = YES_ERROR;
				GCC_WARN_UNDECLARED_SELECTOR = YES;
				GCC_WARN_UNINITIALIZED_AUTOS = YES_AGGRESSIVE;
				GCC_WARN_UNUSED_FUNCTION = YES;
				GCC_WARN_UNUSED_VARIABLE = YES;
				IPHONEOS_DEPLOYMENT_TARGET = 13.5;
				MTL_ENABLE_DEBUG_INFO = NO;
				MTL_FAST_MATH = YES;
				SDKROOT = iphoneos;
				SWIFT_COMPILATION_MODE = wholemodule;
				SWIFT_OPTIMIZATION_LEVEL = "-O";
				VALIDATE_PRODUCT = YES;
			};
			name = Release;
		};
		628DC5EE24AABBC50018BA50 /* Debug */ = {
			isa = XCBuildConfiguration;
			buildSettings = {
				ASSETCATALOG_COMPILER_APPICON_NAME = AppIcon;
				CODE_SIGN_STYLE = Automatic;
				DEVELOPMENT_ASSET_PATHS = "\"Courses/Preview Content\"";
				DEVELOPMENT_TEAM = D2R8233SXZ;
				ENABLE_PREVIEWS = YES;
				INFOPLIST_FILE = Courses/Info.plist;
				LD_RUNPATH_SEARCH_PATHS = (
					"$(inherited)",
					"@executable_path/Frameworks",
				);
				PRODUCT_BUNDLE_IDENTIFIER = com.IanLarson.Courses;
				PRODUCT_NAME = "$(TARGET_NAME)";
				SWIFT_VERSION = 5.0;
				TARGETED_DEVICE_FAMILY = "1,2";
			};
			name = Debug;
		};
		628DC5EF24AABBC50018BA50 /* Release */ = {
			isa = XCBuildConfiguration;
			buildSettings = {
				ASSETCATALOG_COMPILER_APPICON_NAME = AppIcon;
				CODE_SIGN_STYLE = Automatic;
				DEVELOPMENT_ASSET_PATHS = "\"Courses/Preview Content\"";
				DEVELOPMENT_TEAM = D2R8233SXZ;
				ENABLE_PREVIEWS = YES;
				INFOPLIST_FILE = Courses/Info.plist;
				LD_RUNPATH_SEARCH_PATHS = (
					"$(inherited)",
					"@executable_path/Frameworks",
				);
				PRODUCT_BUNDLE_IDENTIFIER = com.IanLarson.Courses;
				PRODUCT_NAME = "$(TARGET_NAME)";
				SWIFT_VERSION = 5.0;
				TARGETED_DEVICE_FAMILY = "1,2";
			};
			name = Release;
		};
/* End XCBuildConfiguration section */

/* Begin XCConfigurationList section */
		628DC5D424AABBC40018BA50 /* Build configuration list for PBXProject "Courses" */ = {
			isa = XCConfigurationList;
			buildConfigurations = (
				628DC5EB24AABBC50018BA50 /* Debug */,
				628DC5EC24AABBC50018BA50 /* Release */,
			);
			defaultConfigurationIsVisible = 0;
			defaultConfigurationName = Release;
		};
		628DC5ED24AABBC50018BA50 /* Build configuration list for PBXNativeTarget "Courses" */ = {
			isa = XCConfigurationList;
			buildConfigurations = (
				628DC5EE24AABBC50018BA50 /* Debug */,
				628DC5EF24AABBC50018BA50 /* Release */,
			);
			defaultConfigurationIsVisible = 0;
			defaultConfigurationName = Release;
		};
/* End XCConfigurationList section */
	};
	rootObject = 628DC5D124AABBC40018BA50 /* Project object */;
}
